
Microsoft Visual Studio Solution File, Format Version 12.00
# Visual Studio Version 16
VisualStudioVersion = 16.0.33214.272
MinimumVisualStudioVersion = 10.0.40219.1
Project("{FAE04EC0-301F-11D3-BF4B-00C04F79EFBC}") = "IG", "IG\IG.csproj", "{15741226-B4D6-4471-BDF0-4E58915821AF}"
EndProject
Global
	GlobalSection(SolutionConfigurationPlatforms) = preSolution
		Debug|Any CPU = Debug|Any CPU
		Release|Any CPU = Release|Any CPU
	EndGlobalSection
	GlobalSection(ProjectConfigurationPlatforms) = postSolution
		{15741226-B4D6-4471-BDF0-4E58915821AF}.Debug|Any CPU.ActiveCfg = Debug|Any CPU
		{15741226-B4D6-4471-BDF0-4E58915821AF}.Debug|Any CPU.Build.0 = Debug|Any CPU
		{15741226-B4D6-4471-BDF0-4E58915821AF}.Release|Any CPU.ActiveCfg = Release|Any CPU
		{15741226-B4D6-4471-BDF0-4E58915821AF}.Release|Any CPU.Build.0 = Release|Any CPU
	EndGlobalSection
	GlobalSection(SolutionProperties) = preSolution
		HideSolutionNode = FALSE
	EndGlobalSection
	GlobalSection(ExtensibilityGlobals) = postSolution
		SolutionGuid = {690ED3C4-AF76-4234-9426-3C11F1E5FB6A}
	EndGlobalSection
EndGlobal
